<?xml version="1.0" encoding="UTF-8"?>
<!DOCTYPE plist PUBLIC "-//Apple//DTD PLIST 1.0//EN" "http://www.apple.com/DTDs/PropertyList-1.0.dtd">
<plist version="1.0">
<dict>
	<key>archiveVersion</key>
	<string>1</string>
	<key>classes</key>
	<dict/>
	<key>objectVersion</key>
	<string>46</string>
	<key>objects</key>
	<dict>
		<key>080E96DDFE201D6D7F000001</key>
		<dict>
			<key>children</key>
			<array>
				<string>1D3623240D0F684500981E51</string>
				<string>1D3623250D0F684500981E51</string>
			</array>
			<key>isa</key>
			<string>PBXGroup</string>
			<key>name</key>
			<string>Application Delegate</string>
			<key>path</key>
			<string>Classes</string>
			<key>sourceTree</key>
			<string>&lt;group&gt;</string>
		</dict>
		<key>19C28FACFE9D520D11CA2CBB</key>
		<dict>
			<key>children</key>
			<array>
				<string>1D6058910D05DD3D006BFB54</string>
			</array>
			<key>isa</key>
			<string>PBXGroup</string>
			<key>name</key>
			<string>Products</string>
			<key>sourceTree</key>
			<string>&lt;group&gt;</string>
		</dict>
		<key>1D30AB110D05D00D00671497</key>
		<dict>
			<key>includeInIndex</key>
			<string>1</string>
			<key>isa</key>
			<string>PBXFileReference</string>
			<key>lastKnownFileType</key>
			<string>wrapper.framework</string>
			<key>name</key>
			<string>Foundation.framework</string>
			<key>path</key>
			<string>System/Library/Frameworks/Foundation.framework</string>
			<key>sourceTree</key>
			<string>SDKROOT</string>
		</dict>
		<key>1D3623240D0F684500981E51</key>
		<dict>
			<key>fileEncoding</key>
			<string>4</string>
			<key>isa</key>
			<string>PBXFileReference</string>
			<key>lastKnownFileType</key>
			<string>sourcecode.c.h</string>
			<key>path</key>
			<string>iAdderAppDelegate.h</string>
			<key>sourceTree</key>
			<string>&lt;group&gt;</string>
		</dict>
		<key>1D3623250D0F684500981E51</key>
		<dict>
			<key>fileEncoding</key>
			<string>4</string>
			<key>isa</key>
			<string>PBXFileReference</string>
			<key>lastKnownFileType</key>
			<string>sourcecode.c.objc</string>
			<key>path</key>
			<string>iAdderAppDelegate.m</string>
			<key>sourceTree</key>
			<string>&lt;group&gt;</string>
		</dict>
		<key>1D3623260D0F684500981E51</key>
		<dict>
			<key>fileRef</key>
			<string>1D3623250D0F684500981E51</string>
			<key>isa</key>
			<string>PBXBuildFile</string>
		</dict>
		<key>1D60588D0D05DD3D006BFB54</key>
		<dict>
			<key>buildActionMask</key>
			<string>2147483647</string>
			<key>files</key>
			<array>
				<string>965354450FEEE82D0074E802</string>
				<string>960FCE970FF4F25300AAF8D7</string>
				<string>961083F60FF5189F0029C4FB</string>
				<string>961083F70FF5189F0029C4FB</string>
				<string>961083FD0FF519B80029C4FB</string>
				<string>9675D3ED100D7965007052D9</string>
				<string>9675D3EF100D7965007052D9</string>
				<string>9675D3F1100D7965007052D9</string>
				<string>9675D3F3100D7965007052D9</string>
				<string>9675D3F4100D7965007052D9</string>
				<string>9675D3F5100D7965007052D9</string>
				<string>9675D3F6100D7965007052D9</string>
				<string>9675D3F7100D7965007052D9</string>
				<string>96BE2FA810101D9D00241F5F</string>
				<string>96BE2FA910101D9E00241F5F</string>
				<string>96BE2FAA10101D9E00241F5F</string>
				<string>9634FAC2104C65D20032D367</string>
				<string>B469D08115439A2D00599B99</string>
				<string>B469D0B91543A1AE00599B99</string>
				<string>B409889F15B79CF80018C727</string>
				<string>B40988A015B79CF80018C727</string>
				<string>B40988A115B79CF80018C727</string>
				<string>B40988A215B79CF80018C727</string>
				<string>B40988B215B7A5BD0018C727</string>
				<string>B40988B315B7A5BD0018C727</string>
				<string>B40988B415B7A5BD0018C727</string>
				<string>B40988B515B7A5BD0018C727</string>
				<string>B40988B615B7A5BD0018C727</string>
				<string>B40988B715B7A5BD0018C727</string>
				<string>B40988B815B7A5BD0018C727</string>
				<string>B40988B915B7A5BD0018C727</string>
				<string>B40988BA15B7A5BD0018C727</string>
				<string>B40988BB15B7A5BD0018C727</string>
				<string>B40988BC15B7A5BD0018C727</string>
				<string>B40988BD15B7A5BD0018C727</string>
				<string>B40988BE15B7A5BD0018C727</string>
				<string>B40988BF15B7A5BD0018C727</string>
			</array>
			<key>isa</key>
			<string>PBXResourcesBuildPhase</string>
			<key>runOnlyForDeploymentPostprocessing</key>
			<string>0</string>
		</dict>
		<key>1D60588E0D05DD3D006BFB54</key>
		<dict>
			<key>buildActionMask</key>
			<string>2147483647</string>
			<key>files</key>
			<array>
				<string>1D60589B0D05DD56006BFB54</string>
				<string>1D3623260D0F684500981E51</string>
				<string>289233A70DB2D0840083E9F9</string>
				<string>B469D0B81543A1AE00599B99</string>
				<string>B4E36A4A15B6ED1F002A464F</string>
			</array>
			<key>isa</key>
			<string>PBXSourcesBuildPhase</string>
			<key>runOnlyForDeploymentPostprocessing</key>
			<string>0</string>
		</dict>
		<key>1D60588F0D05DD3D006BFB54</key>
		<dict>
			<key>buildActionMask</key>
			<string>2147483647</string>
			<key>files</key>
			<array>
				<string>B4440B3C1544397100D73FE0</string>
				<string>1D60589F0D05DD5A006BFB54</string>
				<string>1DF5F4E00D08C38300B7A737</string>
				<string>288765590DF743DE002DB57D</string>
				<string>96DA6A070FEEEDB20095DF58</string>
				<string>B4440B23154438D200D73FE0</string>
				<string>BD00C560B2084287B510A0E7</string>
			</array>
			<key>isa</key>
			<string>PBXFrameworksBuildPhase</string>
			<key>runOnlyForDeploymentPostprocessing</key>
			<string>0</string>
		</dict>
		<key>1D6058900D05DD3D006BFB54</key>
		<dict>
			<key>buildConfigurationList</key>
			<string>1D6058960D05DD3E006BFB54</string>
			<key>buildPhases</key>
			<array>
				<string>1D60588D0D05DD3D006BFB54</string>
				<string>1D60588E0D05DD3D006BFB54</string>
				<string>1D60588F0D05DD3D006BFB54</string>
				<string>F9B7E4A11273472FB1A0F78C</string>
			</array>
			<key>buildRules</key>
			<array/>
			<key>dependencies</key>
			<array/>
			<key>isa</key>
			<string>PBXNativeTarget</string>
			<key>name</key>
			<string>AddItUp</string>
			<key>productName</key>
			<string>iAdder</string>
			<key>productReference</key>
			<string>1D6058910D05DD3D006BFB54</string>
			<key>productType</key>
			<string>com.apple.product-type.application</string>
		</dict>
		<key>1D6058910D05DD3D006BFB54</key>
		<dict>
			<key>explicitFileType</key>
			<string>wrapper.application</string>
			<key>includeInIndex</key>
			<string>0</string>
			<key>isa</key>
			<string>PBXFileReference</string>
			<key>name</key>
			<string>AddItUp.app</string>
			<key>path</key>
			<string>AddItUp.app</string>
			<key>sourceTree</key>
			<string>BUILT_PRODUCTS_DIR</string>
		</dict>
		<key>1D6058940D05DD3E006BFB54</key>
		<dict>
			<key>baseConfigurationReference</key>
			<string>37CBC0BA559B44F4848D1299</string>
			<key>buildSettings</key>
			<dict>
				<key>ALWAYS_SEARCH_USER_PATHS</key>
				<string>NO</string>
				<key>CLANG_ENABLE_OBJC_ARC</key>
				<string>YES</string>
				<key>CODE_SIGN_IDENTITY</key>
				<string>iPhone Developer</string>
				<key>COPY_PHASE_STRIP</key>
				<string>NO</string>
				<key>GCC_DYNAMIC_NO_PIC</key>
				<string>NO</string>
				<key>GCC_OPTIMIZATION_LEVEL</key>
				<string>0</string>
				<key>GCC_PRECOMPILE_PREFIX_HEADER</key>
				<string>YES</string>
				<key>GCC_PREFIX_HEADER</key>
				<string>AddItUp_Prefix.pch</string>
				<key>GCC_THUMB_SUPPORT</key>
				<string>NO</string>
				<key>INFOPLIST_FILE</key>
				<string>AddItUp-Info.plist</string>
				<key>LIBRARY_SEARCH_PATHS</key>
				<array>
					<string>$(inherited)</string>
					<string>"$(SRCROOT)/ThirdParty/TestFlight"</string>
				</array>
				<key>PRODUCT_NAME</key>
				<string>AddItUp</string>
				<key>PROVISIONING_PROFILE</key>
				<string></string>
			</dict>
			<key>isa</key>
			<string>XCBuildConfiguration</string>
			<key>name</key>
			<string>Debug</string>
		</dict>
		<key>1D6058950D05DD3E006BFB54</key>
		<dict>
			<key>baseConfigurationReference</key>
			<string>37CBC0BA559B44F4848D1299</string>
			<key>buildSettings</key>
			<dict>
				<key>ALWAYS_SEARCH_USER_PATHS</key>
				<string>NO</string>
				<key>CLANG_ENABLE_OBJC_ARC</key>
				<string>YES</string>
				<key>CODE_SIGN_IDENTITY</key>
				<string>iPhone Developer</string>
				<key>COPY_PHASE_STRIP</key>
				<string>YES</string>
				<key>GCC_PRECOMPILE_PREFIX_HEADER</key>
				<string>YES</string>
				<key>GCC_PREFIX_HEADER</key>
				<string>AddItUp_Prefix.pch</string>
				<key>GCC_THUMB_SUPPORT</key>
				<string>NO</string>
				<key>INFOPLIST_FILE</key>
				<string>AddItUp-Info.plist</string>
				<key>LIBRARY_SEARCH_PATHS</key>
				<array>
					<string>$(inherited)</string>
					<string>"$(SRCROOT)/ThirdParty/TestFlight"</string>
				</array>
				<key>PRODUCT_NAME</key>
				<string>AddItUp</string>
				<key>PROVISIONING_PROFILE</key>
				<string></string>
				<key>VALIDATE_PRODUCT</key>
				<string>YES</string>
			</dict>
			<key>isa</key>
			<string>XCBuildConfiguration</string>
			<key>name</key>
			<string>Release</string>
		</dict>
		<key>1D6058960D05DD3E006BFB54</key>
		<dict>
			<key>buildConfigurations</key>
			<array>
				<string>1D6058940D05DD3E006BFB54</string>
				<string>1D6058950D05DD3E006BFB54</string>
				<string>B4440B5115443BEE00D73FE0</string>
			</array>
			<key>defaultConfigurationIsVisible</key>
			<string>0</string>
			<key>defaultConfigurationName</key>
			<string>Release</string>
			<key>isa</key>
			<string>XCConfigurationList</string>
		</dict>
		<key>1D60589B0D05DD56006BFB54</key>
		<dict>
			<key>fileRef</key>
			<string>29B97316FDCFA39411CA2CEA</string>
			<key>isa</key>
			<string>PBXBuildFile</string>
		</dict>
		<key>1D60589F0D05DD5A006BFB54</key>
		<dict>
			<key>fileRef</key>
			<string>1D30AB110D05D00D00671497</string>
			<key>isa</key>
			<string>PBXBuildFile</string>
		</dict>
		<key>1DF5F4DF0D08C38300B7A737</key>
		<dict>
			<key>includeInIndex</key>
			<string>1</string>
			<key>isa</key>
			<string>PBXFileReference</string>
			<key>lastKnownFileType</key>
			<string>wrapper.framework</string>
			<key>name</key>
			<string>UIKit.framework</string>
			<key>path</key>
			<string>System/Library/Frameworks/UIKit.framework</string>
			<key>sourceTree</key>
			<string>SDKROOT</string>
		</dict>
		<key>1DF5F4E00D08C38300B7A737</key>
		<dict>
			<key>fileRef</key>
			<string>1DF5F4DF0D08C38300B7A737</string>
			<key>isa</key>
			<string>PBXBuildFile</string>
		</dict>
		<key>288765580DF743DE002DB57D</key>
		<dict>
			<key>includeInIndex</key>
			<string>1</string>
			<key>isa</key>
			<string>PBXFileReference</string>
			<key>lastKnownFileType</key>
			<string>wrapper.framework</string>
			<key>name</key>
			<string>CoreGraphics.framework</string>
			<key>path</key>
			<string>System/Library/Frameworks/CoreGraphics.framework</string>
			<key>sourceTree</key>
			<string>SDKROOT</string>
		</dict>
		<key>288765590DF743DE002DB57D</key>
		<dict>
			<key>fileRef</key>
			<string>288765580DF743DE002DB57D</string>
			<key>isa</key>
			<string>PBXBuildFile</string>
		</dict>
		<key>289233A00DB2D0730083E9F9</key>
		<dict>
			<key>children</key>
			<array>
				<string>B469D0B51543A1AE00599B99</string>
				<string>B469D0B61543A1AE00599B99</string>
				<string>B469D0B71543A1AE00599B99</string>
				<string>289233A40DB2D0840083E9F9</string>
				<string>289233A50DB2D0840083E9F9</string>
				<string>B4E36A4815B6ED1F002A464F</string>
				<string>B4E36A4915B6ED1F002A464F</string>
			</array>
			<key>isa</key>
			<string>PBXGroup</string>
			<key>name</key>
			<string>Main View</string>
			<key>sourceTree</key>
			<string>&lt;group&gt;</string>
		</dict>
		<key>289233A40DB2D0840083E9F9</key>
		<dict>
			<key>fileEncoding</key>
			<string>4</string>
			<key>isa</key>
			<string>PBXFileReference</string>
			<key>lastKnownFileType</key>
			<string>sourcecode.c.h</string>
			<key>name</key>
			<string>MainView.h</string>
			<key>path</key>
			<string>Classes/MainView.h</string>
			<key>sourceTree</key>
			<string>&lt;group&gt;</string>
		</dict>
		<key>289233A50DB2D0840083E9F9</key>
		<dict>
			<key>fileEncoding</key>
			<string>4</string>
			<key>isa</key>
			<string>PBXFileReference</string>
			<key>lastKnownFileType</key>
			<string>sourcecode.c.objc</string>
			<key>name</key>
			<string>MainView.m</string>
			<key>path</key>
			<string>Classes/MainView.m</string>
			<key>sourceTree</key>
			<string>&lt;group&gt;</string>
		</dict>
		<key>289233A70DB2D0840083E9F9</key>
		<dict>
			<key>fileRef</key>
			<string>289233A50DB2D0840083E9F9</string>
			<key>isa</key>
			<string>PBXBuildFile</string>
		</dict>
		<key>29B97313FDCFA39411CA2CEA</key>
		<dict>
			<key>attributes</key>
			<dict>
				<key>LastUpgradeCheck</key>
				<string>0430</string>
				<key>ORGANIZATIONNAME</key>
				<string>Andy Molloy</string>
			</dict>
			<key>buildConfigurationList</key>
			<string>C01FCF4E08A954540054247B</string>
			<key>compatibilityVersion</key>
			<string>Xcode 3.2</string>
			<key>developmentRegion</key>
			<string>English</string>
			<key>hasScannedForEncodings</key>
			<string>1</string>
			<key>isa</key>
			<string>PBXProject</string>
			<key>knownRegions</key>
			<array>
				<string>English</string>
				<string>Japanese</string>
				<string>French</string>
				<string>German</string>
				<string>en</string>
			</array>
			<key>mainGroup</key>
			<string>29B97314FDCFA39411CA2CEA</string>
			<key>projectDirPath</key>
			<string></string>
			<key>projectRoot</key>
			<string></string>
			<key>targets</key>
			<array>
				<string>1D6058900D05DD3D006BFB54</string>
			</array>
		</dict>
		<key>29B97314FDCFA39411CA2CEA</key>
		<dict>
			<key>children</key>
			<array>
				<string>B4440B5215443FC700D73FE0</string>
				<string>8D1107310486CEB800E47090</string>
				<string>080E96DDFE201D6D7F000001</string>
				<string>29B97323FDCFA39411CA2CEA</string>
				<string>289233A00DB2D0730083E9F9</string>
				<string>29B97315FDCFA39411CA2CEA</string>
				<string>19C28FACFE9D520D11CA2CBB</string>
				<string>29B97317FDCFA39411CA2CEA</string>
				<string>96C7CEF3100D7D8A00C10CDA</string>
				<string>B4440B1D154438C200D73FE0</string>
				<string>37CBC0BA559B44F4848D1299</string>
			</array>
			<key>isa</key>
			<string>PBXGroup</string>
			<key>name</key>
			<string>CustomTemplate</string>
			<key>sourceTree</key>
			<string>&lt;group&gt;</string>
		</dict>
		<key>29B97315FDCFA39411CA2CEA</key>
		<dict>
			<key>children</key>
			<array>
				<string>32CA4F630368D1EE00C91783</string>
				<string>29B97316FDCFA39411CA2CEA</string>
			</array>
			<key>isa</key>
			<string>PBXGroup</string>
			<key>name</key>
			<string>Other Sources</string>
			<key>sourceTree</key>
			<string>&lt;group&gt;</string>
		</dict>
		<key>29B97316FDCFA39411CA2CEA</key>
		<dict>
			<key>fileEncoding</key>
			<string>4</string>
			<key>isa</key>
			<string>PBXFileReference</string>
			<key>lastKnownFileType</key>
			<string>sourcecode.c.objc</string>
			<key>path</key>
			<string>main.m</string>
			<key>sourceTree</key>
			<string>&lt;group&gt;</string>
		</dict>
		<key>29B97317FDCFA39411CA2CEA</key>
		<dict>
			<key>children</key>
			<array>
				<string>B40988A415B7A5BD0018C727</string>
				<string>B40988A515B7A5BD0018C727</string>
				<string>B40988A615B7A5BD0018C727</string>
				<string>B40988A715B7A5BD0018C727</string>
				<string>B40988A815B7A5BD0018C727</string>
				<string>B40988A915B7A5BD0018C727</string>
				<string>B40988AA15B7A5BD0018C727</string>
				<string>B40988AB15B7A5BD0018C727</string>
				<string>B40988AC15B7A5BD0018C727</string>
				<string>B40988AD15B7A5BD0018C727</string>
				<string>B40988AE15B7A5BD0018C727</string>
				<string>B40988AF15B7A5BD0018C727</string>
				<string>B40988B015B7A5BD0018C727</string>
				<string>B40988B115B7A5BD0018C727</string>
				<string>B409889B15B79CF80018C727</string>
				<string>B409889C15B79CF80018C727</string>
				<string>B409889D15B79CF80018C727</string>
				<string>B409889E15B79CF80018C727</string>
				<string>9634FAC1104C65D20032D367</string>
				<string>9675D3E1100D7964007052D9</string>
				<string>9675D3E3100D7964007052D9</string>
				<string>9675D3E5100D7965007052D9</string>
				<string>9675D3E7100D7965007052D9</string>
				<string>9675D3E8100D7965007052D9</string>
				<string>9675D3E9100D7965007052D9</string>
				<string>9675D3EA100D7965007052D9</string>
				<string>9675D3EB100D7965007052D9</string>
				<string>960FCE960FF4F25300AAF8D7</string>
				<string>96DA69E50FEEEC370095DF58</string>
				<string>965354410FEEE82D0074E802</string>
				<string>B469D08015439A2D00599B99</string>
			</array>
			<key>isa</key>
			<string>PBXGroup</string>
			<key>path</key>
			<string>Resources</string>
			<key>sourceTree</key>
			<string>&lt;group&gt;</string>
		</dict>
		<key>29B97323FDCFA39411CA2CEA</key>
		<dict>
			<key>children</key>
			<array>
				<string>B4440B3B1544397100D73FE0</string>
				<string>96DA6A060FEEEDB20095DF58</string>
				<string>1DF5F4DF0D08C38300B7A737</string>
				<string>1D30AB110D05D00D00671497</string>
				<string>288765580DF743DE002DB57D</string>
				<string>EEF823C2CA86492A8341AA97</string>
			</array>
			<key>isa</key>
			<string>PBXGroup</string>
			<key>name</key>
			<string>Frameworks</string>
			<key>sourceTree</key>
			<string>&lt;group&gt;</string>
		</dict>
		<key>32CA4F630368D1EE00C91783</key>
		<dict>
			<key>fileEncoding</key>
			<string>4</string>
			<key>isa</key>
			<string>PBXFileReference</string>
			<key>lastKnownFileType</key>
			<string>sourcecode.c.h</string>
			<key>path</key>
			<string>AddItUp_Prefix.pch</string>
			<key>sourceTree</key>
			<string>&lt;group&gt;</string>
		</dict>
		<key>37CBC0BA559B44F4848D1299</key>
		<dict>
			<key>includeInIndex</key>
			<string>1</string>
			<key>isa</key>
			<string>PBXFileReference</string>
			<key>lastKnownFileType</key>
			<string>text.xcconfig</string>
			<key>name</key>
			<string>Pods.xcconfig</string>
			<key>path</key>
			<string>Pods/Pods.xcconfig</string>
			<key>sourceTree</key>
			<string>SOURCE_ROOT</string>
		</dict>
		<key>8D1107310486CEB800E47090</key>
		<dict>
			<key>fileEncoding</key>
			<string>4</string>
			<key>isa</key>
			<string>PBXFileReference</string>
			<key>lastKnownFileType</key>
			<string>text.plist.xml</string>
			<key>path</key>
			<string>AddItUp-Info.plist</string>
			<key>plistStructureDefinitionIdentifier</key>
			<string>com.apple.xcode.plist.structure-definition.iphone.info-plist</string>
			<key>sourceTree</key>
			<string>&lt;group&gt;</string>
		</dict>
		<key>960FCE960FF4F25300AAF8D7</key>
		<dict>
			<key>isa</key>
			<string>PBXFileReference</string>
			<key>lastKnownFileType</key>
			<string>image.png</string>
			<key>path</key>
			<string>PortraitViewButtonAreas.png</string>
			<key>sourceTree</key>
			<string>&lt;group&gt;</string>
		</dict>
		<key>960FCE970FF4F25300AAF8D7</key>
		<dict>
			<key>fileRef</key>
			<string>960FCE960FF4F25300AAF8D7</string>
			<key>isa</key>
			<string>PBXBuildFile</string>
		</dict>
		<key>961083F40FF5189F0029C4FB</key>
		<dict>
			<key>isa</key>
			<string>PBXFileReference</string>
			<key>lastKnownFileType</key>
			<string>audio.aiff</string>
			<key>path</key>
			<string>ClickDown.aiff</string>
			<key>sourceTree</key>
			<string>&lt;group&gt;</string>
		</dict>
		<key>961083F50FF5189F0029C4FB</key>
		<dict>
			<key>isa</key>
			<string>PBXFileReference</string>
			<key>lastKnownFileType</key>
			<string>audio.aiff</string>
			<key>path</key>
			<string>ClickUp.aiff</string>
			<key>sourceTree</key>
			<string>&lt;group&gt;</string>
		</dict>
		<key>961083F60FF5189F0029C4FB</key>
		<dict>
			<key>fileRef</key>
			<string>961083F40FF5189F0029C4FB</string>
			<key>isa</key>
			<string>PBXBuildFile</string>
		</dict>
		<key>961083F70FF5189F0029C4FB</key>
		<dict>
			<key>fileRef</key>
			<string>961083F50FF5189F0029C4FB</string>
			<key>isa</key>
			<string>PBXBuildFile</string>
		</dict>
		<key>961083FC0FF519B80029C4FB</key>
		<dict>
			<key>isa</key>
			<string>PBXFileReference</string>
			<key>lastKnownFileType</key>
			<string>audio.aiff</string>
			<key>path</key>
			<string>ClickCancel.aiff</string>
			<key>sourceTree</key>
			<string>&lt;group&gt;</string>
		</dict>
		<key>961083FD0FF519B80029C4FB</key>
		<dict>
			<key>fileRef</key>
			<string>961083FC0FF519B80029C4FB</string>
			<key>isa</key>
			<string>PBXBuildFile</string>
		</dict>
		<key>9634FAC1104C65D20032D367</key>
		<dict>
			<key>isa</key>
			<string>PBXFileReference</string>
			<key>lastKnownFileType</key>
			<string>image.png</string>
			<key>name</key>
			<string>Icon.png</string>
			<key>path</key>
			<string>../Icon.png</string>
			<key>sourceTree</key>
			<string>&lt;group&gt;</string>
		</dict>
		<key>9634FAC2104C65D20032D367</key>
		<dict>
			<key>fileRef</key>
			<string>9634FAC1104C65D20032D367</string>
			<key>isa</key>
			<string>PBXBuildFile</string>
		</dict>
		<key>965354410FEEE82D0074E802</key>
		<dict>
			<key>isa</key>
			<string>PBXFileReference</string>
			<key>lastKnownFileType</key>
			<string>image.png</string>
			<key>path</key>
			<string>PortraitView.png</string>
			<key>sourceTree</key>
			<string>&lt;group&gt;</string>
		</dict>
		<key>965354450FEEE82D0074E802</key>
		<dict>
			<key>fileRef</key>
			<string>965354410FEEE82D0074E802</string>
			<key>isa</key>
			<string>PBXBuildFile</string>
		</dict>
		<key>9675D3E1100D7964007052D9</key>
		<dict>
			<key>isa</key>
			<string>PBXFileReference</string>
			<key>lastKnownFileType</key>
			<string>image.png</string>
			<key>path</key>
			<string>PButton1Down.png</string>
			<key>sourceTree</key>
			<string>&lt;group&gt;</string>
		</dict>
		<key>9675D3E3100D7964007052D9</key>
		<dict>
			<key>isa</key>
			<string>PBXFileReference</string>
			<key>lastKnownFileType</key>
			<string>image.png</string>
			<key>path</key>
			<string>PButton2Down.png</string>
			<key>sourceTree</key>
			<string>&lt;group&gt;</string>
		</dict>
		<key>9675D3E5100D7965007052D9</key>
		<dict>
			<key>isa</key>
			<string>PBXFileReference</string>
			<key>lastKnownFileType</key>
			<string>image.png</string>
			<key>path</key>
			<string>PButton3Down.png</string>
			<key>sourceTree</key>
			<string>&lt;group&gt;</string>
		</dict>
		<key>9675D3E7100D7965007052D9</key>
		<dict>
			<key>isa</key>
			<string>PBXFileReference</string>
			<key>lastKnownFileType</key>
			<string>image.png</string>
			<key>path</key>
			<string>PButton4Down.png</string>
			<key>sourceTree</key>
			<string>&lt;group&gt;</string>
		</dict>
		<key>9675D3E8100D7965007052D9</key>
		<dict>
			<key>isa</key>
			<string>PBXFileReference</string>
			<key>lastKnownFileType</key>
			<string>image.png</string>
			<key>path</key>
			<string>PButton5Down.png</string>
			<key>sourceTree</key>
			<string>&lt;group&gt;</string>
		</dict>
		<key>9675D3E9100D7965007052D9</key>
		<dict>
			<key>isa</key>
			<string>PBXFileReference</string>
			<key>lastKnownFileType</key>
			<string>image.png</string>
			<key>path</key>
			<string>PButton6Down.png</string>
			<key>sourceTree</key>
			<string>&lt;group&gt;</string>
		</dict>
		<key>9675D3EA100D7965007052D9</key>
		<dict>
			<key>isa</key>
			<string>PBXFileReference</string>
			<key>lastKnownFileType</key>
			<string>image.png</string>
			<key>path</key>
			<string>PButton7Down.png</string>
			<key>sourceTree</key>
			<string>&lt;group&gt;</string>
		</dict>
		<key>9675D3EB100D7965007052D9</key>
		<dict>
			<key>isa</key>
			<string>PBXFileReference</string>
			<key>lastKnownFileType</key>
			<string>image.png</string>
			<key>path</key>
			<string>PButton8Down.png</string>
			<key>sourceTree</key>
			<string>&lt;group&gt;</string>
		</dict>
		<key>9675D3ED100D7965007052D9</key>
		<dict>
			<key>fileRef</key>
			<string>9675D3E1100D7964007052D9</string>
			<key>isa</key>
			<string>PBXBuildFile</string>
		</dict>
		<key>9675D3EF100D7965007052D9</key>
		<dict>
			<key>fileRef</key>
			<string>9675D3E3100D7964007052D9</string>
			<key>isa</key>
			<string>PBXBuildFile</string>
		</dict>
		<key>9675D3F1100D7965007052D9</key>
		<dict>
			<key>fileRef</key>
			<string>9675D3E5100D7965007052D9</string>
			<key>isa</key>
			<string>PBXBuildFile</string>
		</dict>
		<key>9675D3F3100D7965007052D9</key>
		<dict>
			<key>fileRef</key>
			<string>9675D3E7100D7965007052D9</string>
			<key>isa</key>
			<string>PBXBuildFile</string>
		</dict>
		<key>9675D3F4100D7965007052D9</key>
		<dict>
			<key>fileRef</key>
			<string>9675D3E8100D7965007052D9</string>
			<key>isa</key>
			<string>PBXBuildFile</string>
		</dict>
		<key>9675D3F5100D7965007052D9</key>
		<dict>
			<key>fileRef</key>
			<string>9675D3E9100D7965007052D9</string>
			<key>isa</key>
			<string>PBXBuildFile</string>
		</dict>
		<key>9675D3F6100D7965007052D9</key>
		<dict>
			<key>fileRef</key>
			<string>9675D3EA100D7965007052D9</string>
			<key>isa</key>
			<string>PBXBuildFile</string>
		</dict>
		<key>9675D3F7100D7965007052D9</key>
		<dict>
			<key>fileRef</key>
			<string>9675D3EB100D7965007052D9</string>
			<key>isa</key>
			<string>PBXBuildFile</string>
		</dict>
		<key>96BE2FA510101D9D00241F5F</key>
		<dict>
			<key>isa</key>
			<string>PBXFileReference</string>
			<key>lastKnownFileType</key>
			<string>audio.wav</string>
			<key>path</key>
			<string>ClickCancelSubtract.wav</string>
			<key>sourceTree</key>
			<string>&lt;group&gt;</string>
		</dict>
		<key>96BE2FA610101D9D00241F5F</key>
		<dict>
			<key>isa</key>
			<string>PBXFileReference</string>
			<key>lastKnownFileType</key>
			<string>audio.wav</string>
			<key>path</key>
			<string>ClickDownSubtract.wav</string>
			<key>sourceTree</key>
			<string>&lt;group&gt;</string>
		</dict>
		<key>96BE2FA710101D9D00241F5F</key>
		<dict>
			<key>isa</key>
			<string>PBXFileReference</string>
			<key>lastKnownFileType</key>
			<string>audio.wav</string>
			<key>path</key>
			<string>ClickUpSubtract.wav</string>
			<key>sourceTree</key>
			<string>&lt;group&gt;</string>
		</dict>
		<key>96BE2FA810101D9D00241F5F</key>
		<dict>
			<key>fileRef</key>
			<string>96BE2FA510101D9D00241F5F</string>
			<key>isa</key>
			<string>PBXBuildFile</string>
		</dict>
		<key>96BE2FA910101D9E00241F5F</key>
		<dict>
			<key>fileRef</key>
			<string>96BE2FA610101D9D00241F5F</string>
			<key>isa</key>
			<string>PBXBuildFile</string>
		</dict>
		<key>96BE2FAA10101D9E00241F5F</key>
		<dict>
			<key>fileRef</key>
			<string>96BE2FA710101D9D00241F5F</string>
			<key>isa</key>
			<string>PBXBuildFile</string>
		</dict>
		<key>96C7CEF3100D7D8A00C10CDA</key>
		<dict>
			<key>fileEncoding</key>
			<string>4</string>
			<key>isa</key>
			<string>PBXFileReference</string>
			<key>lastKnownFileType</key>
			<string>text.xcconfig</string>
			<key>path</key>
			<string>revision.xcconfig</string>
			<key>sourceTree</key>
			<string>&lt;group&gt;</string>
		</dict>
		<key>96DA69E50FEEEC370095DF58</key>
		<dict>
			<key>children</key>
			<array>
				<string>96BE2FA510101D9D00241F5F</string>
				<string>96BE2FA610101D9D00241F5F</string>
				<string>96BE2FA710101D9D00241F5F</string>
				<string>961083FC0FF519B80029C4FB</string>
				<string>961083F40FF5189F0029C4FB</string>
				<string>961083F50FF5189F0029C4FB</string>
			</array>
			<key>isa</key>
			<string>PBXGroup</string>
			<key>path</key>
			<string>sounds</string>
			<key>sourceTree</key>
			<string>&lt;group&gt;</string>
		</dict>
		<key>96DA6A060FEEEDB20095DF58</key>
		<dict>
			<key>includeInIndex</key>
			<string>1</string>
			<key>isa</key>
			<string>PBXFileReference</string>
			<key>lastKnownFileType</key>
			<string>wrapper.framework</string>
			<key>name</key>
			<string>AudioToolbox.framework</string>
			<key>path</key>
			<string>System/Library/Frameworks/AudioToolbox.framework</string>
			<key>sourceTree</key>
			<string>SDKROOT</string>
		</dict>
		<key>96DA6A070FEEEDB20095DF58</key>
		<dict>
			<key>fileRef</key>
			<string>96DA6A060FEEEDB20095DF58</string>
			<key>isa</key>
			<string>PBXBuildFile</string>
		</dict>
		<key>B409889B15B79CF80018C727</key>
		<dict>
			<key>isa</key>
			<string>PBXFileReference</string>
			<key>lastKnownFileType</key>
			<string>image.png</string>
			<key>path</key>
			<string>AdditionBottomOverlay.png</string>
			<key>sourceTree</key>
			<string>&lt;group&gt;</string>
		</dict>
		<key>B409889C15B79CF80018C727</key>
		<dict>
			<key>isa</key>
			<string>PBXFileReference</string>
			<key>lastKnownFileType</key>
			<string>image.png</string>
			<key>path</key>
			<string>AdditionTopOverlay.png</string>
			<key>sourceTree</key>
			<string>&lt;group&gt;</string>
		</dict>
		<key>B409889D15B79CF80018C727</key>
		<dict>
			<key>isa</key>
			<string>PBXFileReference</string>
			<key>lastKnownFileType</key>
			<string>image.png</string>
			<key>path</key>
			<string>SubtractionBottomOverlay.png</string>
			<key>sourceTree</key>
			<string>&lt;group&gt;</string>
		</dict>
		<key>B409889E15B79CF80018C727</key>
		<dict>
			<key>isa</key>
			<string>PBXFileReference</string>
			<key>lastKnownFileType</key>
			<string>image.png</string>
			<key>path</key>
			<string>SubtractionTopOverlay.png</string>
			<key>sourceTree</key>
			<string>&lt;group&gt;</string>
		</dict>
		<key>B409889F15B79CF80018C727</key>
		<dict>
			<key>fileRef</key>
			<string>B409889B15B79CF80018C727</string>
			<key>isa</key>
			<string>PBXBuildFile</string>
		</dict>
		<key>B40988A015B79CF80018C727</key>
		<dict>
			<key>fileRef</key>
			<string>B409889C15B79CF80018C727</string>
			<key>isa</key>
			<string>PBXBuildFile</string>
		</dict>
		<key>B40988A115B79CF80018C727</key>
		<dict>
			<key>fileRef</key>
			<string>B409889D15B79CF80018C727</string>
			<key>isa</key>
			<string>PBXBuildFile</string>
		</dict>
		<key>B40988A215B79CF80018C727</key>
		<dict>
			<key>fileRef</key>
			<string>B409889E15B79CF80018C727</string>
			<key>isa</key>
			<string>PBXBuildFile</string>
		</dict>
		<key>B40988A415B7A5BD0018C727</key>
		<dict>
			<key>isa</key>
			<string>PBXFileReference</string>
			<key>lastKnownFileType</key>
			<string>image.png</string>
			<key>path</key>
			<string>AdditionBottomOverlay@2x.png</string>
			<key>sourceTree</key>
			<string>&lt;group&gt;</string>
		</dict>
		<key>B40988A515B7A5BD0018C727</key>
		<dict>
			<key>isa</key>
			<string>PBXFileReference</string>
			<key>lastKnownFileType</key>
			<string>image.png</string>
			<key>path</key>
			<string>AdditionTopOverlay@2x.png</string>
			<key>sourceTree</key>
			<string>&lt;group&gt;</string>
		</dict>
		<key>B40988A615B7A5BD0018C727</key>
		<dict>
			<key>isa</key>
			<string>PBXFileReference</string>
			<key>lastKnownFileType</key>
			<string>image.png</string>
			<key>path</key>
			<string>PButton1Down@2x.png</string>
			<key>sourceTree</key>
			<string>&lt;group&gt;</string>
		</dict>
		<key>B40988A715B7A5BD0018C727</key>
		<dict>
			<key>isa</key>
			<string>PBXFileReference</string>
			<key>lastKnownFileType</key>
			<string>image.png</string>
			<key>path</key>
			<string>PButton2Down@2x.png</string>
			<key>sourceTree</key>
			<string>&lt;group&gt;</string>
		</dict>
		<key>B40988A815B7A5BD0018C727</key>
		<dict>
			<key>isa</key>
			<string>PBXFileReference</string>
			<key>lastKnownFileType</key>
			<string>image.png</string>
			<key>path</key>
			<string>PButton3Down@2x.png</string>
			<key>sourceTree</key>
			<string>&lt;group&gt;</string>
		</dict>
		<key>B40988A915B7A5BD0018C727</key>
		<dict>
			<key>isa</key>
			<string>PBXFileReference</string>
			<key>lastKnownFileType</key>
			<string>image.png</string>
			<key>path</key>
			<string>PButton4Down@2x.png</string>
			<key>sourceTree</key>
			<string>&lt;group&gt;</string>
		</dict>
		<key>B40988AA15B7A5BD0018C727</key>
		<dict>
			<key>isa</key>
			<string>PBXFileReference</string>
			<key>lastKnownFileType</key>
			<string>image.png</string>
			<key>path</key>
			<string>PButton5Down@2x.png</string>
			<key>sourceTree</key>
			<string>&lt;group&gt;</string>
		</dict>
		<key>B40988AB15B7A5BD0018C727</key>
		<dict>
			<key>isa</key>
			<string>PBXFileReference</string>
			<key>lastKnownFileType</key>
			<string>image.png</string>
			<key>path</key>
			<string>PButton6Down@2x.png</string>
			<key>sourceTree</key>
			<string>&lt;group&gt;</string>
		</dict>
		<key>B40988AC15B7A5BD0018C727</key>
		<dict>
			<key>isa</key>
			<string>PBXFileReference</string>
			<key>lastKnownFileType</key>
			<string>image.png</string>
			<key>path</key>
			<string>PButton7Down@2x.png</string>
			<key>sourceTree</key>
			<string>&lt;group&gt;</string>
		</dict>
		<key>B40988AD15B7A5BD0018C727</key>
		<dict>
			<key>isa</key>
			<string>PBXFileReference</string>
			<key>lastKnownFileType</key>
			<string>image.png</string>
			<key>path</key>
			<string>PButton8Down@2x.png</string>
			<key>sourceTree</key>
			<string>&lt;group&gt;</string>
		</dict>
		<key>B40988AE15B7A5BD0018C727</key>
		<dict>
			<key>isa</key>
			<string>PBXFileReference</string>
			<key>lastKnownFileType</key>
			<string>image.png</string>
			<key>path</key>
			<string>PortraitView@2x.png</string>
			<key>sourceTree</key>
			<string>&lt;group&gt;</string>
		</dict>
		<key>B40988AF15B7A5BD0018C727</key>
		<dict>
			<key>isa</key>
			<string>PBXFileReference</string>
			<key>lastKnownFileType</key>
			<string>image.png</string>
			<key>path</key>
			<string>PortraitViewButtonAreas@2x.png</string>
			<key>sourceTree</key>
			<string>&lt;group&gt;</string>
		</dict>
		<key>B40988B015B7A5BD0018C727</key>
		<dict>
			<key>isa</key>
			<string>PBXFileReference</string>
			<key>lastKnownFileType</key>
			<string>image.png</string>
			<key>path</key>
			<string>SubtractionBottomOverlay@2x.png</string>
			<key>sourceTree</key>
			<string>&lt;group&gt;</string>
		</dict>
		<key>B40988B115B7A5BD0018C727</key>
		<dict>
			<key>isa</key>
			<string>PBXFileReference</string>
			<key>lastKnownFileType</key>
			<string>image.png</string>
			<key>path</key>
			<string>SubtractionTopOverlay@2x.png</string>
			<key>sourceTree</key>
			<string>&lt;group&gt;</string>
		</dict>
		<key>B40988B215B7A5BD0018C727</key>
		<dict>
			<key>fileRef</key>
			<string>B40988A415B7A5BD0018C727</string>
			<key>isa</key>
			<string>PBXBuildFile</string>
		</dict>
		<key>B40988B315B7A5BD0018C727</key>
		<dict>
			<key>fileRef</key>
			<string>B40988A515B7A5BD0018C727</string>
			<key>isa</key>
			<string>PBXBuildFile</string>
		</dict>
		<key>B40988B415B7A5BD0018C727</key>
		<dict>
			<key>fileRef</key>
			<string>B40988A615B7A5BD0018C727</string>
			<key>isa</key>
			<string>PBXBuildFile</string>
		</dict>
		<key>B40988B515B7A5BD0018C727</key>
		<dict>
			<key>fileRef</key>
			<string>B40988A715B7A5BD0018C727</string>
			<key>isa</key>
			<string>PBXBuildFile</string>
		</dict>
		<key>B40988B615B7A5BD0018C727</key>
		<dict>
			<key>fileRef</key>
			<string>B40988A815B7A5BD0018C727</string>
			<key>isa</key>
			<string>PBXBuildFile</string>
		</dict>
		<key>B40988B715B7A5BD0018C727</key>
		<dict>
			<key>fileRef</key>
			<string>B40988A915B7A5BD0018C727</string>
			<key>isa</key>
			<string>PBXBuildFile</string>
		</dict>
		<key>B40988B815B7A5BD0018C727</key>
		<dict>
			<key>fileRef</key>
			<string>B40988AA15B7A5BD0018C727</string>
			<key>isa</key>
			<string>PBXBuildFile</string>
		</dict>
		<key>B40988B915B7A5BD0018C727</key>
		<dict>
			<key>fileRef</key>
			<string>B40988AB15B7A5BD0018C727</string>
			<key>isa</key>
			<string>PBXBuildFile</string>
		</dict>
		<key>B40988BA15B7A5BD0018C727</key>
		<dict>
			<key>fileRef</key>
			<string>B40988AC15B7A5BD0018C727</string>
			<key>isa</key>
			<string>PBXBuildFile</string>
		</dict>
		<key>B40988BB15B7A5BD0018C727</key>
		<dict>
			<key>fileRef</key>
			<string>B40988AD15B7A5BD0018C727</string>
			<key>isa</key>
			<string>PBXBuildFile</string>
		</dict>
		<key>B40988BC15B7A5BD0018C727</key>
		<dict>
			<key>fileRef</key>
			<string>B40988AE15B7A5BD0018C727</string>
			<key>isa</key>
			<string>PBXBuildFile</string>
		</dict>
		<key>B40988BD15B7A5BD0018C727</key>
		<dict>
			<key>fileRef</key>
			<string>B40988AF15B7A5BD0018C727</string>
			<key>isa</key>
			<string>PBXBuildFile</string>
		</dict>
		<key>B40988BE15B7A5BD0018C727</key>
		<dict>
			<key>fileRef</key>
			<string>B40988B015B7A5BD0018C727</string>
			<key>isa</key>
			<string>PBXBuildFile</string>
		</dict>
		<key>B40988BF15B7A5BD0018C727</key>
		<dict>
			<key>fileRef</key>
			<string>B40988B115B7A5BD0018C727</string>
			<key>isa</key>
			<string>PBXBuildFile</string>
		</dict>
		<key>B4440B1D154438C200D73FE0</key>
		<dict>
			<key>children</key>
			<array>
				<string>B4440B1E154438C200D73FE0</string>
			</array>
			<key>isa</key>
			<string>PBXGroup</string>
			<key>path</key>
			<string>ThirdParty</string>
			<key>sourceTree</key>
			<string>&lt;group&gt;</string>
		</dict>
		<key>B4440B1E154438C200D73FE0</key>
		<dict>
			<key>children</key>
			<array>
				<string>B4440B1F154438C200D73FE0</string>
				<string>B4440B20154438C200D73FE0</string>
				<string>B4440B21154438C200D73FE0</string>
				<string>B4440B22154438C200D73FE0</string>
			</array>
			<key>isa</key>
			<string>PBXGroup</string>
			<key>path</key>
			<string>TestFlight</string>
			<key>sourceTree</key>
			<string>&lt;group&gt;</string>
		</dict>
		<key>B4440B1F154438C200D73FE0</key>
		<dict>
			<key>includeInIndex</key>
			<string>1</string>
			<key>isa</key>
			<string>PBXFileReference</string>
			<key>lastKnownFileType</key>
			<string>archive.ar</string>
			<key>name</key>
			<string>libTestFlight.a</string>
			<key>path</key>
			<string>libTestFlight.a</string>
			<key>sourceTree</key>
			<string>&lt;group&gt;</string>
		</dict>
		<key>B4440B20154438C200D73FE0</key>
		<dict>
			<key>isa</key>
			<string>PBXFileReference</string>
			<key>lastKnownFileType</key>
			<string>text</string>
			<key>path</key>
			<string>README.txt</string>
			<key>sourceTree</key>
			<string>&lt;group&gt;</string>
		</dict>
		<key>B4440B21154438C200D73FE0</key>
		<dict>
			<key>isa</key>
			<string>PBXFileReference</string>
			<key>lastKnownFileType</key>
			<string>text</string>
			<key>path</key>
			<string>release_notes.txt</string>
			<key>sourceTree</key>
			<string>&lt;group&gt;</string>
		</dict>
		<key>B4440B22154438C200D73FE0</key>
		<dict>
			<key>isa</key>
			<string>PBXFileReference</string>
			<key>lastKnownFileType</key>
			<string>sourcecode.c.h</string>
			<key>path</key>
			<string>TestFlight.h</string>
			<key>sourceTree</key>
			<string>&lt;group&gt;</string>
		</dict>
		<key>B4440B23154438D200D73FE0</key>
		<dict>
			<key>fileRef</key>
			<string>B4440B1F154438C200D73FE0</string>
			<key>isa</key>
			<string>PBXBuildFile</string>
		</dict>
		<key>B4440B3B1544397100D73FE0</key>
		<dict>
			<key>includeInIndex</key>
			<string>1</string>
			<key>isa</key>
			<string>PBXFileReference</string>
			<key>lastKnownFileType</key>
			<string>compiled.mach-o.dylib</string>
			<key>name</key>
			<string>libz.dylib</string>
			<key>path</key>
			<string>usr/lib/libz.dylib</string>
			<key>sourceTree</key>
			<string>SDKROOT</string>
		</dict>
		<key>B4440B3C1544397100D73FE0</key>
		<dict>
			<key>fileRef</key>
			<string>B4440B3B1544397100D73FE0</string>
			<key>isa</key>
			<string>PBXBuildFile</string>
		</dict>
		<key>B4440B5015443BEE00D73FE0</key>
		<dict>
			<key>baseConfigurationReference</key>
			<string>96C7CEF3100D7D8A00C10CDA</string>
			<key>buildSettings</key>
			<dict>
				<key>ARCHS</key>
				<array>
					<string>$(ARCHS_STANDARD_32_BIT)</string>
					<string>armv6</string>
				</array>
				<key>GCC_C_LANGUAGE_STANDARD</key>
				<string>c99</string>
				<key>GCC_PREPROCESSOR_DEFINITIONS</key>
				<string>NDEBUG</string>
				<key>GCC_WARN_ABOUT_RETURN_TYPE</key>
				<string>YES</string>
				<key>GCC_WARN_UNUSED_VARIABLE</key>
				<string>YES</string>
				<key>IPHONEOS_DEPLOYMENT_TARGET</key>
				<string>4.0</string>
				<key>OTHER_CFLAGS</key>
				<array>
					<string>-Wall</string>
					<string>-Werror</string>
				</array>
				<key>SDKROOT</key>
				<string>iphoneos</string>
			</dict>
			<key>isa</key>
			<string>XCBuildConfiguration</string>
			<key>name</key>
			<string>Ad-Hoc</string>
		</dict>
		<key>B4440B5115443BEE00D73FE0</key>
		<dict>
			<key>baseConfigurationReference</key>
			<string>37CBC0BA559B44F4848D1299</string>
			<key>buildSettings</key>
			<dict>
				<key>ALWAYS_SEARCH_USER_PATHS</key>
				<string>NO</string>
				<key>CLANG_ENABLE_OBJC_ARC</key>
				<string>YES</string>
				<key>CODE_SIGN_IDENTITY</key>
				<string>iPhone Distribution</string>
				<key>COPY_PHASE_STRIP</key>
				<string>YES</string>
				<key>GCC_PRECOMPILE_PREFIX_HEADER</key>
				<string>YES</string>
				<key>GCC_PREFIX_HEADER</key>
				<string>AddItUp_Prefix.pch</string>
				<key>GCC_THUMB_SUPPORT</key>
				<string>NO</string>
				<key>INFOPLIST_FILE</key>
				<string>AddItUp-Info.plist</string>
				<key>LIBRARY_SEARCH_PATHS</key>
				<array>
					<string>$(inherited)</string>
					<string>"$(SRCROOT)/ThirdParty/TestFlight"</string>
				</array>
				<key>PRODUCT_NAME</key>
				<string>AddItUp</string>
				<key>PROVISIONING_PROFILE</key>
				<string></string>
				<key>VALIDATE_PRODUCT</key>
				<string>YES</string>
			</dict>
			<key>isa</key>
			<string>XCBuildConfiguration</string>
			<key>name</key>
			<string>Ad-Hoc</string>
		</dict>
		<key>B4440B5215443FC700D73FE0</key>
		<dict>
			<key>isa</key>
			<string>PBXFileReference</string>
			<key>lastKnownFileType</key>
			<string>text.xml</string>
			<key>path</key>
			<string>AddItUp.entitlements</string>
			<key>sourceTree</key>
			<string>&lt;group&gt;</string>
		</dict>
		<key>B469D08015439A2D00599B99</key>
		<dict>
			<key>isa</key>
			<string>PBXFileReference</string>
			<key>lastKnownFileType</key>
			<string>wrapper.plug-in</string>
			<key>path</key>
			<string>Settings.bundle</string>
			<key>sourceTree</key>
			<string>&lt;group&gt;</string>
		</dict>
		<key>B469D08115439A2D00599B99</key>
		<dict>
			<key>fileRef</key>
			<string>B469D08015439A2D00599B99</string>
			<key>isa</key>
			<string>PBXBuildFile</string>
		</dict>
		<key>B469D0B51543A1AE00599B99</key>
		<dict>
			<key>fileEncoding</key>
			<string>4</string>
			<key>isa</key>
			<string>PBXFileReference</string>
			<key>lastKnownFileType</key>
			<string>sourcecode.c.h</string>
			<key>name</key>
			<string>AddItUpViewControllerViewController.h</string>
			<key>path</key>
			<string>Classes/AddItUpViewControllerViewController.h</string>
			<key>sourceTree</key>
			<string>SOURCE_ROOT</string>
		</dict>
		<key>B469D0B61543A1AE00599B99</key>
		<dict>
			<key>fileEncoding</key>
			<string>4</string>
			<key>isa</key>
			<string>PBXFileReference</string>
			<key>lastKnownFileType</key>
			<string>sourcecode.c.objc</string>
			<key>name</key>
			<string>AddItUpViewControllerViewController.m</string>
			<key>path</key>
			<string>Classes/AddItUpViewControllerViewController.m</string>
			<key>sourceTree</key>
			<string>SOURCE_ROOT</string>
		</dict>
		<key>B469D0B71543A1AE00599B99</key>
		<dict>
			<key>fileEncoding</key>
			<string>4</string>
			<key>isa</key>
			<string>PBXFileReference</string>
			<key>lastKnownFileType</key>
			<string>file.xib</string>
			<key>name</key>
			<string>AddItUpViewControllerViewController.xib</string>
			<key>path</key>
			<string>Classes/AddItUpViewControllerViewController.xib</string>
			<key>sourceTree</key>
			<string>SOURCE_ROOT</string>
		</dict>
		<key>B469D0B81543A1AE00599B99</key>
		<dict>
			<key>fileRef</key>
			<string>B469D0B61543A1AE00599B99</string>
			<key>isa</key>
			<string>PBXBuildFile</string>
		</dict>
		<key>B469D0B91543A1AE00599B99</key>
		<dict>
			<key>fileRef</key>
			<string>B469D0B71543A1AE00599B99</string>
			<key>isa</key>
			<string>PBXBuildFile</string>
		</dict>
		<key>B4E36A4815B6ED1F002A464F</key>
		<dict>
			<key>fileEncoding</key>
			<string>4</string>
			<key>isa</key>
			<string>PBXFileReference</string>
			<key>lastKnownFileType</key>
			<string>sourcecode.c.h</string>
			<key>name</key>
			<string>ASMButtonDownView.h</string>
			<key>path</key>
			<string>Classes/ASMButtonDownView.h</string>
			<key>sourceTree</key>
			<string>&lt;group&gt;</string>
		</dict>
		<key>B4E36A4915B6ED1F002A464F</key>
		<dict>
			<key>fileEncoding</key>
			<string>4</string>
			<key>isa</key>
			<string>PBXFileReference</string>
			<key>lastKnownFileType</key>
			<string>sourcecode.c.objc</string>
			<key>name</key>
			<string>ASMButtonDownView.m</string>
			<key>path</key>
			<string>Classes/ASMButtonDownView.m</string>
			<key>sourceTree</key>
			<string>&lt;group&gt;</string>
		</dict>
		<key>B4E36A4A15B6ED1F002A464F</key>
		<dict>
			<key>fileRef</key>
			<string>B4E36A4915B6ED1F002A464F</string>
			<key>isa</key>
			<string>PBXBuildFile</string>
		</dict>
		<key>BD00C560B2084287B510A0E7</key>
		<dict>
			<key>fileRef</key>
			<string>EEF823C2CA86492A8341AA97</string>
			<key>isa</key>
			<string>PBXBuildFile</string>
		</dict>
		<key>C01FCF4E08A954540054247B</key>
		<dict>
			<key>buildConfigurations</key>
			<array>
				<string>C01FCF4F08A954540054247B</string>
				<string>C01FCF5008A954540054247B</string>
				<string>B4440B5015443BEE00D73FE0</string>
			</array>
			<key>defaultConfigurationIsVisible</key>
			<string>0</string>
			<key>defaultConfigurationName</key>
			<string>Release</string>
			<key>isa</key>
			<string>XCConfigurationList</string>
		</dict>
		<key>C01FCF4F08A954540054247B</key>
		<dict>
			<key>baseConfigurationReference</key>
			<string>96C7CEF3100D7D8A00C10CDA</string>
			<key>buildSettings</key>
			<dict>
				<key>ARCHS</key>
				<array>
					<string>$(ARCHS_STANDARD_32_BIT)</string>
					<string>armv6</string>
				</array>
				<key>GCC_C_LANGUAGE_STANDARD</key>
				<string>c99</string>
				<key>GCC_PREPROCESSOR_DEFINITIONS</key>
				<string>_DEBUG</string>
				<key>GCC_WARN_ABOUT_RETURN_TYPE</key>
				<string>YES</string>
				<key>GCC_WARN_UNUSED_VARIABLE</key>
				<string>YES</string>
				<key>IPHONEOS_DEPLOYMENT_TARGET</key>
				<string>4.0</string>
				<key>OTHER_CFLAGS</key>
				<array>
					<string>-Wall</string>
					<string>-Werror</string>
				</array>
				<key>SDKROOT</key>
				<string>iphoneos</string>
			</dict>
			<key>isa</key>
			<string>XCBuildConfiguration</string>
			<key>name</key>
			<string>Debug</string>
		</dict>
		<key>C01FCF5008A954540054247B</key>
		<dict>
			<key>baseConfigurationReference</key>
			<string>96C7CEF3100D7D8A00C10CDA</string>
			<key>buildSettings</key>
			<dict>
				<key>ARCHS</key>
				<array>
					<string>$(ARCHS_STANDARD_32_BIT)</string>
					<string>armv6</string>
				</array>
				<key>GCC_C_LANGUAGE_STANDARD</key>
				<string>c99</string>
				<key>GCC_PREPROCESSOR_DEFINITIONS</key>
				<string>NDEBUG</string>
				<key>GCC_WARN_ABOUT_RETURN_TYPE</key>
				<string>YES</string>
				<key>GCC_WARN_UNUSED_VARIABLE</key>
				<string>YES</string>
				<key>IPHONEOS_DEPLOYMENT_TARGET</key>
				<string>4.0</string>
				<key>OTHER_CFLAGS</key>
				<array>
					<string>-Wall</string>
					<string>-Werror</string>
				</array>
				<key>SDKROOT</key>
				<string>iphoneos</string>
			</dict>
			<key>isa</key>
			<string>XCBuildConfiguration</string>
			<key>name</key>
			<string>Release</string>
		</dict>
		<key>EEF823C2CA86492A8341AA97</key>
		<dict>
			<key>explicitFileType</key>
			<string>archive.ar</string>
			<key>includeInIndex</key>
			<string>0</string>
			<key>isa</key>
			<string>PBXFileReference</string>
			<key>name</key>
			<string>libPods.a</string>
			<key>path</key>
			<string>libPods.a</string>
			<key>sourceTree</key>
			<string>BUILT_PRODUCTS_DIR</string>
		</dict>
		<key>F9B7E4A11273472FB1A0F78C</key>
		<dict>
			<key>buildActionMask</key>
			<string>2147483647</string>
			<key>files</key>
			<array/>
			<key>inputPaths</key>
			<array/>
			<key>isa</key>
			<string>PBXShellScriptBuildPhase</string>
			<key>name</key>
			<string>Copy Pods Resources</string>
			<key>outputPaths</key>
			<array/>
			<key>runOnlyForDeploymentPostprocessing</key>
			<string>0</string>
			<key>shellPath</key>
			<string>/bin/sh</string>
			<key>shellScript</key>
			<string>"${SRCROOT}/Pods/Pods-resources.sh"
</string>
		</dict>
	</dict>
	<key>rootObject</key>
	<string>29B97313FDCFA39411CA2CEA</string>
</dict>
</plist>
